Microsoft Visual Studio Solution File, Format Version 11.00
# Visual Studio 2008

Project("{032E547C-56A8-4CD4-2B43-0F300D5FACCC}") = "jogo_da_memoria", "Assembly-CSharp.csproj", "{C88E6CD3-1301-063E-68CC-46196CB48531}"
EndProject
Global
	GlobalSection(SolutionConfigurationPlatforms) = preSolution
		Debug|Any CPU = Debug|Any CPU
		Release|Any CPU = Release|Any CPU
	EndGlobalSection
	GlobalSection(ProjectConfigurationPlatforms) = postSolution
		{C88E6CD3-1301-063E-68CC-46196CB48531}.Debug|Any CPU.ActiveCfg = Debug|Any CPU
		{C88E6CD3-1301-063E-68CC-46196CB48531}.Debug|Any CPU.Build.0 = Debug|Any CPU
		{C88E6CD3-1301-063E-68CC-46196CB48531}.Release|Any CPU.ActiveCfg = Release|Any CPU
		{C88E6CD3-1301-063E-68CC-46196CB48531}.Release|Any CPU.Build.0 = Release|Any CPU
	EndGlobalSection
	GlobalSection(SolutionProperties) = preSolution
		HideSolutionNode = FALSE
	EndGlobalSection
							GlobalSection(MonoDevelopProperties) = preSolution
		StartupItem = Assembly-CSharp.csproj
		Policies = $0
		$0.TextStylePolicy = $1
		$1.inheritsSet = null
		$1.scope = text/x-csharp
		$0.CSharpFormattingPolicy = $2
		$2.inheritsSet = Mono
		$2.inheritsScope = text/x-csharp
		$2.scope = text/x-csharp
		$0.TextStylePolicy = $3
		$3.FileWidth = 120
		$3.TabWidth = 4
		$3.IndentWidth = 4
		$3.EolMarker = Unix
		$3.inheritsSet = Mono
		$3.inheritsScope = text/plain
		$3.scope = text/plain
	EndGlobalSection

EndGlobal
